
Microsoft Visual Studio Solution File, Format Version 12.00
# Visual Studio Version 17
VisualStudioVersion = 17.0.31903.59
MinimumVisualStudioVersion = 10.0.40219.1
Project("{FAE04EC0-301F-11D3-BF4B-00C04F79EFBC}") = "BotService", "BotService\BotService.csproj", "{FB82E8B3-9EB0-4650-BD00-08CDA9AFE7A4}"
EndProject
Project("{FAE04EC0-301F-11D3-BF4B-00C04F79EFBC}") = "BotService.Tests", "BotService.Tests\BotService.Tests.csproj", "{B495D530-9B3A-4CEC-A918-0E4714BB9791}"
EndProject
Global
	GlobalSection(SolutionConfigurationPlatforms) = preSolution
		Debug|Any CPU = Debug|Any CPU
		Release|Any CPU = Release|Any CPU
	EndGlobalSection
	GlobalSection(SolutionProperties) = preSolution
		HideSolutionNode = FALSE
	EndGlobalSection
	GlobalSection(ProjectConfigurationPlatforms) = postSolution
		{FB82E8B3-9EB0-4650-BD00-08CDA9AFE7A4}.Debug|Any CPU.ActiveCfg = Debug|Any CPU
		{FB82E8B3-9EB0-4650-BD00-08CDA9AFE7A4}.Debug|Any CPU.Build.0 = Debug|Any CPU
		{FB82E8B3-9EB0-4650-BD00-08CDA9AFE7A4}.Release|Any CPU.ActiveCfg = Release|Any CPU
		{FB82E8B3-9EB0-4650-BD00-08CDA9AFE7A4}.Release|Any CPU.Build.0 = Release|Any CPU
		{B495D530-9B3A-4CEC-A918-0E4714BB9791}.Debug|Any CPU.ActiveCfg = Debug|Any CPU
		{B495D530-9B3A-4CEC-A918-0E4714BB9791}.Debug|Any CPU.Build.0 = Debug|Any CPU
		{B495D530-9B3A-4CEC-A918-0E4714BB9791}.Release|Any CPU.ActiveCfg = Release|Any CPU
		{B495D530-9B3A-4CEC-A918-0E4714BB9791}.Release|Any CPU.Build.0 = Release|Any CPU
	EndGlobalSection
EndGlobal
